
Microsoft Visual Studio Solution File, Format Version 12.00
# Visual Studio 15
VisualStudioVersion = 15.0.27004.2009
MinimumVisualStudioVersion = 10.0.40219.1
Project("{9A19103F-16F7-4668-BE54-9A1E7A4F7556}") = "ARQSI_IT1", "ARQSI_IT1\ARQSI_IT1.csproj", "{8B197B84-1704-4E5C-BD5C-550CACDE04A5}"
EndProject
Project("{9A19103F-16F7-4668-BE54-9A1E7A4F7556}") = "ARQSI_IT1_XUnitTest", "ARQSI_IT1_XUnitTest\ARQSI_IT1_XUnitTest.csproj", "{18E91158-8FAE-40F9-A0A7-3418EF18FE78}"
EndProject
Project("{9A19103F-16F7-4668-BE54-9A1E7A4F7556}") = "ARQSI_IT1_UnitTest", "ARQSI_IT1_UnitTest\ARQSI_IT1_UnitTest.csproj", "{834E95C1-056F-4713-9A1B-7A8CC806BB9A}"
EndProject
Project("{9092AA53-FB77-4645-B42D-1CCCA6BD08BD}") = "ARQSI_IT2", "ARQSI_IT2\ARQSI_IT2.njsproj", "{50EC27A5-C247-4FBF-8E97-99A03DEED2E0}"
EndProject
Project("{9092AA53-FB77-4645-B42D-1CCCA6BD08BD}") = "ARQSI_IT3", "ARQSI_IT3\ARQSI_IT3.njsproj", "{E5ADC95E-8D02-46E6-B7B2-8224F99F4477}"
EndProject
Global
	GlobalSection(SolutionConfigurationPlatforms) = preSolution
		Debug|Any CPU = Debug|Any CPU
		Release|Any CPU = Release|Any CPU
	EndGlobalSection
	GlobalSection(ProjectConfigurationPlatforms) = postSolution
		{8B197B84-1704-4E5C-BD5C-550CACDE04A5}.Debug|Any CPU.ActiveCfg = Debug|Any CPU
		{8B197B84-1704-4E5C-BD5C-550CACDE04A5}.Debug|Any CPU.Build.0 = Debug|Any CPU
		{8B197B84-1704-4E5C-BD5C-550CACDE04A5}.Release|Any CPU.ActiveCfg = Release|Any CPU
		{8B197B84-1704-4E5C-BD5C-550CACDE04A5}.Release|Any CPU.Build.0 = Release|Any CPU
		{18E91158-8FAE-40F9-A0A7-3418EF18FE78}.Debug|Any CPU.ActiveCfg = Debug|Any CPU
		{18E91158-8FAE-40F9-A0A7-3418EF18FE78}.Debug|Any CPU.Build.0 = Debug|Any CPU
		{18E91158-8FAE-40F9-A0A7-3418EF18FE78}.Release|Any CPU.ActiveCfg = Release|Any CPU
		{18E91158-8FAE-40F9-A0A7-3418EF18FE78}.Release|Any CPU.Build.0 = Release|Any CPU
		{834E95C1-056F-4713-9A1B-7A8CC806BB9A}.Debug|Any CPU.ActiveCfg = Debug|Any CPU
		{834E95C1-056F-4713-9A1B-7A8CC806BB9A}.Debug|Any CPU.Build.0 = Debug|Any CPU
		{834E95C1-056F-4713-9A1B-7A8CC806BB9A}.Release|Any CPU.ActiveCfg = Release|Any CPU
		{834E95C1-056F-4713-9A1B-7A8CC806BB9A}.Release|Any CPU.Build.0 = Release|Any CPU
		{50EC27A5-C247-4FBF-8E97-99A03DEED2E0}.Debug|Any CPU.ActiveCfg = Debug|Any CPU
		{50EC27A5-C247-4FBF-8E97-99A03DEED2E0}.Debug|Any CPU.Build.0 = Debug|Any CPU
		{50EC27A5-C247-4FBF-8E97-99A03DEED2E0}.Release|Any CPU.ActiveCfg = Release|Any CPU
		{50EC27A5-C247-4FBF-8E97-99A03DEED2E0}.Release|Any CPU.Build.0 = Release|Any CPU
		{E5ADC95E-8D02-46E6-B7B2-8224F99F4477}.Debug|Any CPU.ActiveCfg = Debug|Any CPU
		{E5ADC95E-8D02-46E6-B7B2-8224F99F4477}.Debug|Any CPU.Build.0 = Debug|Any CPU
		{E5ADC95E-8D02-46E6-B7B2-8224F99F4477}.Release|Any CPU.ActiveCfg = Release|Any CPU
		{E5ADC95E-8D02-46E6-B7B2-8224F99F4477}.Release|Any CPU.Build.0 = Release|Any CPU
	EndGlobalSection
	GlobalSection(SolutionProperties) = preSolution
		HideSolutionNode = FALSE
	EndGlobalSection
	GlobalSection(ExtensibilityGlobals) = postSolution
		SolutionGuid = {438AE86E-6B7C-4919-A04D-586B03799175}
	EndGlobalSection
EndGlobal
